// !$*UTF8*$!
{
	archiveVersion = 1;
	classes = {
	};
	objectVersion = 56;
	objects = {

/* Begin PBXBuildFile section */
		D24A14B12BF8EEA100D512BE /* AspectVGrid.swift in Sources */ = {isa = PBXBuildFile; fileRef = D24A14B02BF8EEA100D512BE /* AspectVGrid.swift */; };
		D24A14B32BF9A0AC00D512BE /* CardView.swift in Sources */ = {isa = PBXBuildFile; fileRef = D24A14B22BF9A0AC00D512BE /* CardView.swift */; };
		D24A14B52BF9B84900D512BE /* Pie.swift in Sources */ = {isa = PBXBuildFile; fileRef = D24A14B42BF9B84900D512BE /* Pie.swift */; };
		D2E6AAA22BC60D3700BD1B2E /* StanfordLectureApp.swift in Sources */ = {isa = PBXBuildFile; fileRef = D2E6AAA12BC60D3700BD1B2E /* StanfordLectureApp.swift */; };
		D2E6AAA42BC60D3700BD1B2E /* EmojiMemoryGameView.swift in Sources */ = {isa = PBXBuildFile; fileRef = D2E6AAA32BC60D3700BD1B2E /* EmojiMemoryGameView.swift */; };
		D2E6AAA62BC60D3900BD1B2E /* Assets.xcassets in Resources */ = {isa = PBXBuildFile; fileRef = D2E6AAA52BC60D3900BD1B2E /* Assets.xcassets */; };
		D2E6AAA92BC60D3900BD1B2E /* Preview Assets.xcassets in Resources */ = {isa = PBXBuildFile; fileRef = D2E6AAA82BC60D3900BD1B2E /* Preview Assets.xcassets */; };
		D2E6AAB02BCFCBED00BD1B2E /* MemoryGame.swift in Sources */ = {isa = PBXBuildFile; fileRef = D2E6AAAF2BCFCBED00BD1B2E /* MemoryGame.swift */; };
		D2E6AAB22BCFCCE600BD1B2E /* EmojiMemoryGame.swift in Sources */ = {isa = PBXBuildFile; fileRef = D2E6AAB12BCFCCE600BD1B2E /* EmojiMemoryGame.swift */; };
		D2EBAF972BD1FB0D00D12B0D /* Array+.swift in Sources */ = {isa = PBXBuildFile; fileRef = D2EBAF962BD1FB0D00D12B0D /* Array+.swift */; };
/* End PBXBuildFile section */

/* Begin PBXFileReference section */
		D24A14B02BF8EEA100D512BE /* AspectVGrid.swift */ = {isa = PBXFileReference; lastKnownFileType = sourcecode.swift; path = AspectVGrid.swift; sourceTree = "<group>"; };
		D24A14B22BF9A0AC00D512BE /* CardView.swift */ = {isa = PBXFileReference; lastKnownFileType = sourcecode.swift; path = CardView.swift; sourceTree = "<group>"; };
		D24A14B42BF9B84900D512BE /* Pie.swift */ = {isa = PBXFileReference; lastKnownFileType = sourcecode.swift; path = Pie.swift; sourceTree = "<group>"; };
		D2E6AA9E2BC60D3700BD1B2E /* StanfordLecture.app */ = {isa = PBXFileReference; explicitFileType = wrapper.application; includeInIndex = 0; path = StanfordLecture.app; sourceTree = BUILT_PRODUCTS_DIR; };
		D2E6AAA12BC60D3700BD1B2E /* StanfordLectureApp.swift */ = {isa = PBXFileReference; lastKnownFileType = sourcecode.swift; path = StanfordLectureApp.swift; sourceTree = "<group>"; };
		D2E6AAA32BC60D3700BD1B2E /* EmojiMemoryGameView.swift */ = {isa = PBXFileReference; lastKnownFileType = sourcecode.swift; path = EmojiMemoryGameView.swift; sourceTree = "<group>"; };
		D2E6AAA52BC60D3900BD1B2E /* Assets.xcassets */ = {isa = PBXFileReference; lastKnownFileType = folder.assetcatalog; path = Assets.xcassets; sourceTree = "<group>"; };
		D2E6AAA82BC60D3900BD1B2E /* Preview Assets.xcassets */ = {isa = PBXFileReference; lastKnownFileType = folder.assetcatalog; path = "Preview Assets.xcassets"; sourceTree = "<group>"; };
		D2E6AAAF2BCFCBED00BD1B2E /* MemoryGame.swift */ = {isa = PBXFileReference; lastKnownFileType = sourcecode.swift; path = MemoryGame.swift; sourceTree = "<group>"; };
		D2E6AAB12BCFCCE600BD1B2E /* EmojiMemoryGame.swift */ = {isa = PBXFileReference; lastKnownFileType = sourcecode.swift; path = EmojiMemoryGame.swift; sourceTree = "<group>"; };
		D2EBAF962BD1FB0D00D12B0D /* Array+.swift */ = {isa = PBXFileReference; lastKnownFileType = sourcecode.swift; path = "Array+.swift"; sourceTree = "<group>"; };
/* End PBXFileReference section */

/* Begin PBXFrameworksBuildPhase section */
		D2E6AA9B2BC60D3700BD1B2E /* Frameworks */ = {
			isa = PBXFrameworksBuildPhase;
			buildActionMask = 2147483647;
			files = (
			);
			runOnlyForDeploymentPostprocessing = 0;
		};
/* End PBXFrameworksBuildPhase section */

/* Begin PBXGroup section */
		D2E6AA952BC60D3700BD1B2E = {
			isa = PBXGroup;
			children = (
				D2E6AAA02BC60D3700BD1B2E /* StanfordLecture */,
				D2E6AA9F2BC60D3700BD1B2E /* Products */,
			);
			sourceTree = "<group>";
		};
		D2E6AA9F2BC60D3700BD1B2E /* Products */ = {
			isa = PBXGroup;
			children = (
				D2E6AA9E2BC60D3700BD1B2E /* StanfordLecture.app */,
			);
			name = Products;
			sourceTree = "<group>";
		};
		D2E6AAA02BC60D3700BD1B2E /* StanfordLecture */ = {
			isa = PBXGroup;
			children = (
				D2E6AAAF2BCFCBED00BD1B2E /* MemoryGame.swift */,
				D2E6AAB12BCFCCE600BD1B2E /* EmojiMemoryGame.swift */,
				D2E6AAA12BC60D3700BD1B2E /* StanfordLectureApp.swift */,
				D2E6AAA32BC60D3700BD1B2E /* EmojiMemoryGameView.swift */,
				D2EBAF962BD1FB0D00D12B0D /* Array+.swift */,
				D24A14B02BF8EEA100D512BE /* AspectVGrid.swift */,
				D24A14B22BF9A0AC00D512BE /* CardView.swift */,
				D2E6AAA52BC60D3900BD1B2E /* Assets.xcassets */,
				D2E6AAA72BC60D3900BD1B2E /* Preview Content */,
				D24A14B42BF9B84900D512BE /* Pie.swift */,
			);
			path = StanfordLecture;
			sourceTree = "<group>";
		};
		D2E6AAA72BC60D3900BD1B2E /* Preview Content */ = {
			isa = PBXGroup;
			children = (
				D2E6AAA82BC60D3900BD1B2E /* Preview Assets.xcassets */,
			);
			path = "Preview Content";
			sourceTree = "<group>";
		};
/* End PBXGroup section */

/* Begin PBXNativeTarget section */
		D2E6AA9D2BC60D3700BD1B2E /* StanfordLecture */ = {
			isa = PBXNativeTarget;
			buildConfigurationList = D2E6AAAC2BC60D3900BD1B2E /* Build configuration list for PBXNativeTarget "StanfordLecture" */;
			buildPhases = (
				D2E6AA9A2BC60D3700BD1B2E /* Sources */,
				D2E6AA9B2BC60D3700BD1B2E /* Frameworks */,
				D2E6AA9C2BC60D3700BD1B2E /* Resources */,
			);
			buildRules = (
			);
			dependencies = (
			);
			name = StanfordLecture;
			productName = StanfordLecture;
			productReference = D2E6AA9E2BC60D3700BD1B2E /* StanfordLecture.app */;
			productType = "com.apple.product-type.application";
		};
/* End PBXNativeTarget section */

/* Begin PBXProject section */
		D2E6AA962BC60D3700BD1B2E /* Project object */ = {
			isa = PBXProject;
			attributes = {
				BuildIndependentTargetsInParallel = 1;
				LastSwiftUpdateCheck = 1530;
				LastUpgradeCheck = 1530;
				TargetAttributes = {
					D2E6AA9D2BC60D3700BD1B2E = {
						CreatedOnToolsVersion = 15.3;
					};
				};
			};
			buildConfigurationList = D2E6AA992BC60D3700BD1B2E /* Build configuration list for PBXProject "StanfordLecture" */;
			compatibilityVersion = "Xcode 14.0";
			developmentRegion = en;
			hasScannedForEncodings = 0;
			knownRegions = (
				en,
				Base,
			);
			mainGroup = D2E6AA952BC60D3700BD1B2E;
			productRefGroup = D2E6AA9F2BC60D3700BD1B2E /* Products */;
			projectDirPath = "";
			projectRoot = "";
			targets = (
				D2E6AA9D2BC60D3700BD1B2E /* StanfordLecture */,
			);
		};
/* End PBXProject section */

/* Begin PBXResourcesBuildPhase section */
		D2E6AA9C2BC60D3700BD1B2E /* Resources */ = {
			isa = PBXResourcesBuildPhase;
			buildActionMask = 2147483647;
			files = (
				D2E6AAA92BC60D3900BD1B2E /* Preview Assets.xcassets in Resources */,
				D2E6AAA62BC60D3900BD1B2E /* Assets.xcassets in Resources */,
			);
			runOnlyForDeploymentPostprocessing = 0;
		};
/* End PBXResourcesBuildPhase section */

/* Begin PBXSourcesBuildPhase section */
		D2E6AA9A2BC60D3700BD1B2E /* Sources */ = {
			isa = PBXSourcesBuildPhase;
			buildActionMask = 2147483647;
			files = (
				D24A14B32BF9A0AC00D512BE /* CardView.swift in Sources */,
				D2E6AAA42BC60D3700BD1B2E /* EmojiMemoryGameView.swift in Sources */,
				D24A14B52BF9B84900D512BE /* Pie.swift in Sources */,
				D2E6AAA22BC60D3700BD1B2E /* StanfordLectureApp.swift in Sources */,
				D24A14B12BF8EEA100D512BE /* AspectVGrid.swift in Sources */,
				D2E6AAB02BCFCBED00BD1B2E /* MemoryGame.swift in Sources */,
				D2E6AAB22BCFCCE600BD1B2E /* EmojiMemoryGame.swift in Sources */,
				D2EBAF972BD1FB0D00D12B0D /* Array+.swift in Sources */,
			);
			runOnlyForDeploymentPostprocessing = 0;
		};
/* End PBXSourcesBuildPhase section */

/* Begin XCBuildConfiguration section */
		D2E6AAAA2BC60D3900BD1B2E /* Debug */ = {
			isa = XCBuildConfiguration;
			buildSettings = {
				ALWAYS_SEARCH_USER_PATHS = NO;
				ASSETCATALOG_COMPILER_GENERATE_SWIFT_ASSET_SYMBOL_EXTENSIONS = YES;
				CLANG_ANALYZER_NONNULL = YES;
				CLANG_ANALYZER_NUMBER_OBJECT_CONVERSION = YES_AGGRESSIVE;
				CLANG_CXX_LANGUAGE_STANDARD = "gnu++20";
				CLANG_ENABLE_MODULES = YES;
				CLANG_ENABLE_OBJC_ARC = YES;
				CLANG_ENABLE_OBJC_WEAK = YES;
				CLANG_WARN_BLOCK_CAPTURE_AUTORELEASING = YES;
				CLANG_WARN_BOOL_CONVERSION = YES;
				CLANG_WARN_COMMA = YES;
				CLANG_WARN_CONSTANT_CONVERSION = YES;
				CLANG_WARN_DEPRECATED_OBJC_IMPLEMENTATIONS = YES;
				CLANG_WARN_DIRECT_OBJC_ISA_USAGE = YES_ERROR;
				CLANG_WARN_DOCUMENTATION_COMMENTS = YES;
				CLANG_WARN_EMPTY_BODY = YES;
				CLANG_WARN_ENUM_CONVERSION = YES;
				CLANG_WARN_INFINITE_RECURSION = YES;
				CLANG_WARN_INT_CONVERSION = YES;
				CLANG_WARN_NON_LITERAL_NULL_CONVERSION = YES;
				CLANG_WARN_OBJC_IMPLICIT_RETAIN_SELF = YES;
				CLANG_WARN_OBJC_LITERAL_CONVERSION = YES;
				CLANG_WARN_OBJC_ROOT_CLASS = YES_ERROR;
				CLANG_WARN_QUOTED_INCLUDE_IN_FRAMEWORK_HEADER = YES;
				CLANG_WARN_RANGE_LOOP_ANALYSIS = YES;
				CLANG_WARN_STRICT_PROTOTYPES = YES;
				CLANG_WARN_SUSPICIOUS_MOVE = YES;
				CLANG_WARN_UNGUARDED_AVAILABILITY = YES_AGGRESSIVE;
				CLANG_WARN_UNREACHABLE_CODE = YES;
				CLANG_WARN__DUPLICATE_METHOD_MATCH = YES;
				COPY_PHASE_STRIP = NO;
				DEBUG_INFORMATION_FORMAT = dwarf;
				ENABLE_STRICT_OBJC_MSGSEND = YES;
				ENABLE_TESTABILITY = YES;
				ENABLE_USER_SCRIPT_SANDBOXING = YES;
				GCC_C_LANGUAGE_STANDARD = gnu17;
				GCC_DYNAMIC_NO_PIC = NO;
				GCC_NO_COMMON_BLOCKS = YES;
				GCC_OPTIMIZATION_LEVEL = 0;
				GCC_PREPROCESSOR_DEFINITIONS = (
					"DEBUG=1",
					"$(inherited)",
				);
				GCC_WARN_64_TO_32_BIT_CONVERSION = YES;
				GCC_WARN_ABOUT_RETURN_TYPE = YES_ERROR;
				GCC_WARN_UNDECLARED_SELECTOR = YES;
				GCC_WARN_UNINITIALIZED_AUTOS = YES_AGGRESSIVE;
				GCC_WARN_UNUSED_FUNCTION = YES;
				GCC_WARN_UNUSED_VARIABLE = YES;
				IPHONEOS_DEPLOYMENT_TARGET = 17.4;
				LOCALIZATION_PREFERS_STRING_CATALOGS = YES;
				MTL_ENABLE_DEBUG_INFO = INCLUDE_SOURCE;
				MTL_FAST_MATH = YES;
				ONLY_ACTIVE_ARCH = YES;
				SDKROOT = iphoneos;
				SWIFT_ACTIVE_COMPILATION_CONDITIONS = "DEBUG $(inherited)";
				SWIFT_OPTIMIZATION_LEVEL = "-Onone";
			};
			name = Debug;
		};
		D2E6AAAB2BC60D3900BD1B2E /* Release */ = {
			isa = XCBuildConfiguration;
			buildSettings = {
				ALWAYS_SEARCH_USER_PATHS = NO;
				ASSETCATALOG_COMPILER_GENERATE_SWIFT_ASSET_SYMBOL_EXTENSIONS = YES;
				CLANG_ANALYZER_NONNULL = YES;
				CLANG_ANALYZER_NUMBER_OBJECT_CONVERSION = YES_AGGRESSIVE;
				CLANG_CXX_LANGUAGE_STANDARD = "gnu++20";
				CLANG_ENABLE_MODULES = YES;
				CLANG_ENABLE_OBJC_ARC = YES;
				CLANG_ENABLE_OBJC_WEAK = YES;
				CLANG_WARN_BLOCK_CAPTURE_AUTORELEASING = YES;
				CLANG_WARN_BOOL_CONVERSION = YES;
				CLANG_WARN_COMMA = YES;
				CLANG_WARN_CONSTANT_CONVERSION = YES;
				CLANG_WARN_DEPRECATED_OBJC_IMPLEMENTATIONS = YES;
				CLANG_WARN_DIRECT_OBJC_ISA_USAGE = YES_ERROR;
				CLANG_WARN_DOCUMENTATION_COMMENTS = YES;
				CLANG_WARN_EMPTY_BODY = YES;
				CLANG_WARN_ENUM_CONVERSION = YES;
				CLANG_WARN_INFINITE_RECURSION = YES;
				CLANG_WARN_INT_CONVERSION = YES;
				CLANG_WARN_NON_LITERAL_NULL_CONVERSION = YES;
				CLANG_WARN_OBJC_IMPLICIT_RETAIN_SELF = YES;
				CLANG_WARN_OBJC_LITERAL_CONVERSION = YES;
				CLANG_WARN_OBJC_ROOT_CLASS = YES_ERROR;
				CLANG_WARN_QUOTED_INCLUDE_IN_FRAMEWORK_HEADER = YES;
				CLANG_WARN_RANGE_LOOP_ANALYSIS = YES;
				CLANG_WARN_STRICT_PROTOTYPES = YES;
				CLANG_WARN_SUSPICIOUS_MOVE = YES;
				CLANG_WARN_UNGUARDED_AVAILABILITY = YES_AGGRESSIVE;
				CLANG_WARN_UNREACHABLE_CODE = YES;
				CLANG_WARN__DUPLICATE_METHOD_MATCH = YES;
				COPY_PHASE_STRIP = NO;
				DEBUG_INFORMATION_FORMAT = "dwarf-with-dsym";
				ENABLE_NS_ASSERTIONS = NO;
				ENABLE_STRICT_OBJC_MSGSEND = YES;
				ENABLE_USER_SCRIPT_SANDBOXING = YES;
				GCC_C_LANGUAGE_STANDARD = gnu17;
				GCC_NO_COMMON_BLOCKS = YES;
				GCC_WARN_64_TO_32_BIT_CONVERSION = YES;
				GCC_WARN_ABOUT_RETURN_TYPE = YES_ERROR;
				GCC_WARN_UNDECLARED_SELECTOR = YES;
				GCC_WARN_UNINITIALIZED_AUTOS = YES_AGGRESSIVE;
				GCC_WARN_UNUSED_FUNCTION = YES;
				GCC_WARN_UNUSED_VARIABLE = YES;
				IPHONEOS_DEPLOYMENT_TARGET = 17.4;
				LOCALIZATION_PREFERS_STRING_CATALOGS = YES;
				MTL_ENABLE_DEBUG_INFO = NO;
				MTL_FAST_MATH = YES;
				SDKROOT = iphoneos;
				SWIFT_COMPILATION_MODE = wholemodule;
				VALIDATE_PRODUCT = YES;
			};
			name = Release;
		};
		D2E6AAAD2BC60D3900BD1B2E /* Debug */ = {
			isa = XCBuildConfiguration;
			buildSettings = {
				ASSETCATALOG_COMPILER_APPICON_NAME = AppIcon;
				ASSETCATALOG_COMPILER_GLOBAL_ACCENT_COLOR_NAME = AccentColor;
				CODE_SIGN_STYLE = Automatic;
				CURRENT_PROJECT_VERSION = 1;
				DEVELOPMENT_ASSET_PATHS = "\"StanfordLecture/Preview Content\"";
				DEVELOPMENT_TEAM = WWXFNS83RA;
				ENABLE_PREVIEWS = YES;
				GENERATE_INFOPLIST_FILE = YES;
				INFOPLIST_KEY_UIApplicationSceneManifest_Generation = YES;
				INFOPLIST_KEY_UIApplicationSupportsIndirectInputEvents = YES;
				INFOPLIST_KEY_UILaunchScreen_Generation = YES;
				INFOPLIST_KEY_UISupportedInterfaceOrientations_iPad = "UIInterfaceOrientationPortrait UIInterfaceOrientationPortraitUpsideDown UIInterfaceOrientationLandscapeLeft UIInterfaceOrientationLandscapeRight";
				INFOPLIST_KEY_UISupportedInterfaceOrientations_iPhone = "UIInterfaceOrientationPortrait UIInterfaceOrientationLandscapeLeft UIInterfaceOrientationLandscapeRight";
				LD_RUNPATH_SEARCH_PATHS = (
					"$(inherited)",
					"@executable_path/Frameworks",
				);
				MARKETING_VERSION = 1.0;
				PRODUCT_BUNDLE_IDENTIFIER = serena.StanfordLecture;
				PRODUCT_NAME = "$(TARGET_NAME)";
				SWIFT_EMIT_LOC_STRINGS = YES;
				SWIFT_VERSION = 5.0;
				TARGETED_DEVICE_FAMILY = "1,2";
			};
			name = Debug;
		};
		D2E6AAAE2BC60D3900BD1B2E /* Release */ = {
			isa = XCBuildConfiguration;
			buildSettings = {
				ASSETCATALOG_COMPILER_APPICON_NAME = AppIcon;
				ASSETCATALOG_COMPILER_GLOBAL_ACCENT_COLOR_NAME = AccentColor;
				CODE_SIGN_STYLE = Automatic;
				CURRENT_PROJECT_VERSION = 1;
				DEVELOPMENT_ASSET_PATHS = "\"StanfordLecture/Preview Content\"";
				DEVELOPMENT_TEAM = WWXFNS83RA;
				ENABLE_PREVIEWS = YES;
				GENERATE_INFOPLIST_FILE = YES;
				INFOPLIST_KEY_UIApplicationSceneManifest_Generation = YES;
				INFOPLIST_KEY_UIApplicationSupportsIndirectInputEvents = YES;
				INFOPLIST_KEY_UILaunchScreen_Generation = YES;
				INFOPLIST_KEY_UISupportedInterfaceOrientations_iPad = "UIInterfaceOrientationPortrait UIInterfaceOrientationPortraitUpsideDown UIInterfaceOrientationLandscapeLeft UIInterfaceOrientationLandscapeRight";
				INFOPLIST_KEY_UISupportedInterfaceOrientations_iPhone = "UIInterfaceOrientationPortrait UIInterfaceOrientationLandscapeLeft UIInterfaceOrientationLandscapeRight";
				LD_RUNPATH_SEARCH_PATHS = (
					"$(inherited)",
					"@executable_path/Frameworks",
				);
				MARKETING_VERSION = 1.0;
				PRODUCT_BUNDLE_IDENTIFIER = serena.StanfordLecture;
				PRODUCT_NAME = "$(TARGET_NAME)";
				SWIFT_EMIT_LOC_STRINGS = YES;
				SWIFT_VERSION = 5.0;
				TARGETED_DEVICE_FAMILY = "1,2";
			};
			name = Release;
		};
/* End XCBuildConfiguration section */

/* Begin XCConfigurationList section */
		D2E6AA992BC60D3700BD1B2E /* Build configuration list for PBXProject "StanfordLecture" */ = {
			isa = XCConfigurationList;
			buildConfigurations = (
				D2E6AAAA2BC60D3900BD1B2E /* Debug */,
				D2E6AAAB2BC60D3900BD1B2E /* Release */,
			);
			defaultConfigurationIsVisible = 0;
			defaultConfigurationName = Release;
		};
		D2E6AAAC2BC60D3900BD1B2E /* Build configuration list for PBXNativeTarget "StanfordLecture" */ = {
			isa = XCConfigurationList;
			buildConfigurations = (
				D2E6AAAD2BC60D3900BD1B2E /* Debug */,
				D2E6AAAE2BC60D3900BD1B2E /* Release */,
			);
			defaultConfigurationIsVisible = 0;
			defaultConfigurationName = Release;
		};
/* End XCConfigurationList section */
	};
	rootObject = D2E6AA962BC60D3700BD1B2E /* Project object */;
}
